
Microsoft Visual Studio Solution File, Format Version 12.00
# Visual Studio Version 17
VisualStudioVersion = 17.0.31919.166
MinimumVisualStudioVersion = 10.0.40219.1
Project("{9A19103F-16F7-4668-BE54-9A1E7A4F7556}") = "Synacor.Challenge", "Synacor.Challenge\Synacor.Challenge.csproj", "{702CC866-BF8A-4275-8467-2AAC8DB96FCE}"
EndProject
Project("{6EC3EE1D-3C4E-46DD-8F32-0CC8E7565705}") = "Synacor.Maze", "Synacor.Maze\Synacor.Maze.fsproj", "{7965B679-8F95-476D-BD0B-D55E2090426F}"
EndProject
Project("{6EC3EE1D-3C4E-46DD-8F32-0CC8E7565705}") = "Syancor.R7", "Synacor.R7\Syancor.R7\Syancor.R7.fsproj", "{AACC6A12-6BF8-4D53-8499-1373A0A16FD6}"
EndProject
Global
	GlobalSection(SolutionConfigurationPlatforms) = preSolution
		Debug|Any CPU = Debug|Any CPU
		Release|Any CPU = Release|Any CPU
	EndGlobalSection
	GlobalSection(ProjectConfigurationPlatforms) = postSolution
		{702CC866-BF8A-4275-8467-2AAC8DB96FCE}.Debug|Any CPU.ActiveCfg = Debug|Any CPU
		{702CC866-BF8A-4275-8467-2AAC8DB96FCE}.Debug|Any CPU.Build.0 = Debug|Any CPU
		{702CC866-BF8A-4275-8467-2AAC8DB96FCE}.Release|Any CPU.ActiveCfg = Release|Any CPU
		{702CC866-BF8A-4275-8467-2AAC8DB96FCE}.Release|Any CPU.Build.0 = Release|Any CPU
		{7965B679-8F95-476D-BD0B-D55E2090426F}.Debug|Any CPU.ActiveCfg = Debug|Any CPU
		{7965B679-8F95-476D-BD0B-D55E2090426F}.Debug|Any CPU.Build.0 = Debug|Any CPU
		{7965B679-8F95-476D-BD0B-D55E2090426F}.Release|Any CPU.ActiveCfg = Release|Any CPU
		{7965B679-8F95-476D-BD0B-D55E2090426F}.Release|Any CPU.Build.0 = Release|Any CPU
		{AACC6A12-6BF8-4D53-8499-1373A0A16FD6}.Debug|Any CPU.ActiveCfg = Debug|Any CPU
		{AACC6A12-6BF8-4D53-8499-1373A0A16FD6}.Debug|Any CPU.Build.0 = Debug|Any CPU
		{AACC6A12-6BF8-4D53-8499-1373A0A16FD6}.Release|Any CPU.ActiveCfg = Release|Any CPU
		{AACC6A12-6BF8-4D53-8499-1373A0A16FD6}.Release|Any CPU.Build.0 = Release|Any CPU
	EndGlobalSection
	GlobalSection(SolutionProperties) = preSolution
		HideSolutionNode = FALSE
	EndGlobalSection
	GlobalSection(ExtensibilityGlobals) = postSolution
		SolutionGuid = {B7B72B95-B3C0-473A-92E1-EF5CB2EF61AE}
	EndGlobalSection
EndGlobal
